
Microsoft Visual Studio Solution File, Format Version 12.00
# Visual Studio Version 17
VisualStudioVersion = 17.7.34031.279
MinimumVisualStudioVersion = 10.0.40219.1
Project("{8BC9CEB8-8B4A-11D0-8D11-00A0C91BC942}") = "分支限界法解决01背包", "分支限界法解决01背包.vcxproj", "{1C578657-B014-4B06-89E5-ADE7CC224B5B}"
EndProject
Global
	GlobalSection(SolutionConfigurationPlatforms) = preSolution
		Debug|x64 = Debug|x64
		Debug|x86 = Debug|x86
		Release|x64 = Release|x64
		Release|x86 = Release|x86
	EndGlobalSection
	GlobalSection(ProjectConfigurationPlatforms) = postSolution
		{1C578657-B014-4B06-89E5-ADE7CC224B5B}.Debug|x64.ActiveCfg = Debug|x64
		{1C578657-B014-4B06-89E5-ADE7CC224B5B}.Debug|x64.Build.0 = Debug|x64
		{1C578657-B014-4B06-89E5-ADE7CC224B5B}.Debug|x86.ActiveCfg = Debug|Win32
		{1C578657-B014-4B06-89E5-ADE7CC224B5B}.Debug|x86.Build.0 = Debug|Win32
		{1C578657-B014-4B06-89E5-ADE7CC224B5B}.Release|x64.ActiveCfg = Release|x64
		{1C578657-B014-4B06-89E5-ADE7CC224B5B}.Release|x64.Build.0 = Release|x64
		{1C578657-B014-4B06-89E5-ADE7CC224B5B}.Release|x86.ActiveCfg = Release|Win32
		{1C578657-B014-4B06-89E5-ADE7CC224B5B}.Release|x86.Build.0 = Release|Win32
	EndGlobalSection
	GlobalSection(SolutionProperties) = preSolution
		HideSolutionNode = FALSE
	EndGlobalSection
	GlobalSection(ExtensibilityGlobals) = postSolution
		SolutionGuid = {EDB323F9-DD79-451D-963C-208D0399B387}
	EndGlobalSection
EndGlobal
